# @generated by Move, please check-in and do not edit manually.

[move]
version = 3
manifest_digest = "728D82C74B86AE905955B07D772BFCBC30DDD2E9252B207F5455217F9F2BF3DD"
deps_digest = "F8BBB0CCB2491CA29A3DF03D6F92277A4F3574266507ACD77214D37ECA3F3082"
dependencies = [
  { id = "Sui", name = "Sui" },
]

[[move.package]]
id = "MoveStdlib"
source = { git = "https://github.com/MystenLabs/sui.git", rev = "edfb00f26f1e", subdir = "crates/sui-framework/packages/move-stdlib" }

[[move.package]]
id = "Sui"
source = { git = "https://github.com/MystenLabs/sui.git", rev = "edfb00f26f1e", subdir = "crates/sui-framework/packages/sui-framework" }

dependencies = [
  { id = "MoveStdlib", name = "MoveStdlib" },
]

[move.toolchain-version]
compiler-version = "1.61.1"
edition = "2024.beta"
flavor = "sui"

[env]

[env.testnet]
chain-id = "4c78adac"
original-published-id = "0x84cd48e2fc3edf717e914351c6ab87df4d28c6d19c5df50b74ab38b3f631b2c7"
latest-published-id = "0x84cd48e2fc3edf717e914351c6ab87df4d28c6d19c5df50b74ab38b3f631b2c7"
published-version = "1"
